github.com/aws/aws-sdk-go-v2 v1.19.0/go.mod h1:uzbQtefpm44goOPmdKyAlXSNcwlRgF3ePWVW6EtJvvw=
github.com/aws/aws-sdk-go-v2 v1.19.1 h1:STs0lbbpXu3byTPcnRLghs2DH0yk9qKDo27TyyJSKsM=
github.com/aws/aws-sdk-go-v2 v1.19.1/go.mod h1:uzbQtefpm44goOPmdKyAlXSNcwlRgF3ePWVW6EtJvvw=
github.com/aws/aws-sdk-go-v2/config v1.18.30 h1:TTAXQIn31qYFUQjkW6siVrRTX1ux+sADZDOe3jsZcMg=
github.com/aws/aws-sdk-go-v2/config v1.18.30/go.mod h1:+YogjT7e/t9JVu/sOnZZgxTge1G+bPNk8zOaI0QIQvE=
github.com/aws/aws-sdk-go-v2/credentials v1.13.29 h1:KNgCpThGuZyCjq9EuuqoLDenKKMwO/x1Xx01ckDa7VI=
github.com/aws/aws-sdk-go-v2/credentials v1.13.29/go.mod h1:VMq1LcmSEa9qxBlOCYTjVuGJWEEzhGmgL552jQsmhss=
github.com/aws/aws-sdk-go-v2/feature/ec2/imds v1.13.6 h1:kortK122LvTU34CGX/F9oJpelXKkEA2j/MW48II+8+8=
github.com/aws/aws-sdk-go-v2/feature/ec2/imds v1.13.6/go.mod h1:k7IPHyHNIASI0m0RwOmCjWOTtgG+J0raqwuHH8WhWJE=
github.com/aws/aws-sdk-go-v2/internal/configsources v1.1.35/go.mod h1:ipR5PvpSPqIqL5Mi82BxLnfMkHVbmco8kUwO2xrCi0M=
github.com/aws/aws-sdk-go-v2/internal/configsources v1.1.36 h1:kbk81RlPoC6e4co7cQx2FAvH9TgbzxIqCqiosAFiB+w=
github.com/aws/aws-sdk-go-v2/internal/configsources v1.1.36/go.mod h1:T8Jsn/uNL/AFOXrVYQ1YQaN1r9gN34JU1855/Lyjv+o=
github.com/aws/aws-sdk-go-v2/internal/endpoints/v2 v2.4.29/go.mod h1:M/eUABlDbw2uVrdAn+UsI6M727qp2fxkp8K0ejcBDUY=
github.com/aws/aws-sdk-go-v2/internal/endpoints/v2 v2.4.30 h1:lMl8S5SB8jNCB+Sty2Em4lnu3IJytceHQd7qbmfqKL0=
github.com/aws/aws-sdk-go-v2/internal/endpoints/v2 v2.4.30/go.mod h1:v3GSCnFxbHzt9dlWBqvA1K1f9lmWuf4ztupZBCAIVs4=
github.com/aws/aws-sdk-go-v2/internal/ini v1.3.37 h1:BXiqvN7WuV/pMhz8CivhO8cG8icJcjnjHumif4ukQ0c=
github.com/aws/aws-sdk-go-v2/internal/ini v1.3.37/go.mod h1:d4GZ62cjnz/hjKFdAu11gAwK73bdhqaFv2O4J1gaqIs=
github.com/aws/aws-sdk-go-v2/service/internal/presigned-url v1.9.30 h1:UcVZxLVNY4yayCmiG94Ge3l2qbc5WEB/oa4RmjoQEi0=
github.com/aws/aws-sdk-go-v2/service/internal/presigned-url v1.9.30/go.mod h1:wPffyJiWWtHwvpFyn23WjAjVjMnlQOQrl02+vutBh3Y=
github.com/aws/aws-sdk-go-v2/service/secretsmanager v1.19.11 h1:g2uwGxEXNsjd2OJHIW1KrP4q/BAUcyn6440LQ9gR+nQ=
github.com/aws/aws-sdk-go-v2/service/secretsmanager v1.19.11/go.mod h1:ywwMMBG8ioLfw1LccY05t/egwONbtwDkoUVuXNgDZjs=
github.com/aws/aws-sdk-go-v2/service/sso v1.12.14 h1:gUjz7trfz9qBm0AlkKTvJHBXELi1wvw+2LA9GfD2AsM=
github.com/aws/aws-sdk-go-v2/service/sso v1.12.14/go.mod h1:9kfRdJgLCbnyeqZ/DpaSwcgj9ZDYLfRpe8Sze+NrYfQ=
github.com/aws/aws-sdk-go-v2/service/ssooidc v1.14.14 h1:8bEtxV5UT9ucdWGXfZ7CM3caQhSHGjWnTHt0OeF7m7s=
github.com/aws/aws-sdk-go-v2/service/ssooidc v1.14.14/go.mod h1:nd9BG2UnexN2sDx/mk2Jd6pf3d2E61AiA8m8Fdvdx8Y=
github.com/aws/aws-sdk-go-v2/service/sts v1.20.1 h1:U7h9CPoyMfVoN5jUglB0LglCMP10AK4vMBsbsCKM8Yw=
github.com/aws/aws-sdk-go-v2/service/sts v1.20.1/go.mod h1:BUHusg4cOA1TFGegj7x8/eoWrbdHzJfoMrXcbMQAG0k=
github.com/aws/smithy-go v1.13.5 h1:hgz0X/DX0dGqTYpGALqXJoRKRj5oQ7150i5FdTePzO8=
github.com/aws/smithy-go v1.13.5/go.mod h1:Tg+OJXh4MB2R/uN61Ko2f6hTZwB/ZYGOtib8J3gBHzA=
github.com/davecgh/go-spew v1.1.0/go.mod h1:J7Y8YcW2NihsgmVo/mv3lAwl/skON4iLHjSsI+c5H38=
github.com/davecgh/go-spew v1.1.1 h1:vj9j/u1bqnvCEfJOwUhtlOARqs3+rkHYY13jYWTU97c=
github.com/davecgh/go-spew v1.1.1/go.mod h1:J7Y8YcW2NihsgmVo/mv3lAwl/skON4iLHjSsI+c5H38=
github.com/eko/gocache/lib/v4 v4.1.3 h1:i7xVxWWhAESLAcHgp73piJtST63TS7ThFD7LE78vmXc=
github.com/eko/gocache/lib/v4 v4.1.3/go.mod h1:7uSUlaDeRgr17IYCV8kSluhRDXq4SGutWWxTpxpwW3w=
github.com/eko/gocache/store/go_cache/v4 v4.1.2 h1:tRp+DQ8HOKGgCySXp1HFgeYC8+LyAyV+j9xig6IYz2A=
github.com/eko/gocache/store/go_cache/v4 v4.1.2/go.mod h1:aSHMK36ERJXhVvwXS+ulWZWuuqGoiSf54Z3zwIjHeT8=
github.com/golang/mock v1.6.0 h1:ErTB+efbowRARo13NNdxyJji2egdxLGQhRaY+DUumQc=
github.com/golang/mock v1.6.0/go.mod h1:p6yTPP+5HYm5mzsMV8JkE6ZKdX+/wYM6Hr+LicevLPs=
github.com/google/go-cmp v0.5.8 h1:e6P7q2lk1O+qJJb4BtCQXlK8vWEO8V1ZeuEdJNOqZyg=
github.com/google/go-cmp v0.5.8/go.mod h1:17dUlkBOakJ0+DkrSSNjCkIjxS6bF9zb3elmeNGIjoY=
github.com/jmespath/go-jmespath v0.4.0/go.mod h1:T8mJZnbsbmF+m6zOOFylbeCJqk5+pHWvzYPziyZiYoo=
github.com/jmespath/go-jmespath/internal/testify v1.5.1/go.mod h1:L3OGu8Wl2/fWfCI6z80xFu9LTZmf1ZRjMHUOPmWr69U=
github.com/kr/pretty v0.1.0 h1:L/CwN0zerZDmRFUapSPitk6f+Q3+0za1rQkzVuMiMFI=
github.com/kr/pty v1.1.1/go.mod h1:pFQYn66WHrOpPYNljwOMqo10TkYh1fy3cYio2l3bCsQ=
github.com/kr/text v0.1.0 h1:45sCR5RtlFHMR4UwH9sdQ5TC8v0qDQCHnXt+kaKSTVE=
github.com/kr/text v0.1.0/go.mod h1:4Jbv+DJW3UT/LiOwJeYQe1efqtUx/iVham/4vfdArNI=
github.com/patrickmn/go-cache v2.1.0+incompatible h1:HRMgzkcYKYpi3C8ajMPV8OFXaaRUnok+kx1WdO15EQc=
github.com/patrickmn/go-cache v2.1.0+incompatible/go.mod h1:3Qf8kWWT7OJRJbdiICTKqZju1ZixQ/KpMGzzAfe6+WQ=
github.com/pmezard/go-difflib v1.0.0 h1:4DBwDE0NGyQoBHbLQYPwSUPoCMWR5BEzIk/f1lZbAQM=
github.com/pmezard/go-difflib v1.0.0/go.mod h1:iKH77koFhYxTK1pcRnkKkqfTogsbg7gZNVY4sRDYZ/4=
github.com/stretchr/objx v0.1.0/go.mod h1:HFkY916IF+rwdDfMAkV7OtwuqBVzrE8GR6GFx+wExME=
github.com/stretchr/objx v0.4.0/go.mod h1:YvHI0jy2hoMjB+UWwv71VJQ9isScKT/TqJzVSSt89Yw=
github.com/stretchr/objx v0.5.0 h1:1zr/of2m5FGMsad5YfcqgdqdWrIhu+EBEJRhR1U7z/c=
github.com/stretchr/objx v0.5.0/go.mod h1:Yh+to48EsGEfYuaHDzXPcE3xhTkx73EhmCGUpEOglKo=
github.com/stretchr/testify v1.7.1/go.mod h1:6Fq8oRcR53rry900zMqJjRRixrwX3KX962/h/Wwjteg=
github.com/stretchr/testify v1.8.0/go.mod h1:yNjHg4UonilssWZ8iaSj1OCr/vHnekPRkoO+kdMU+MU=
github.com/stretchr/testify v1.8.4 h1:CcVxjf3Q8PM0mHUKJCdn+eZZtm5yQwehR5yeSVQQcUk=
github.com/stretchr/testify v1.8.4/go.mod h1:sz/lmYIOXD/1dqDmKjjqLyZ2RngseejIcXlSw2iwfAo=
github.com/yuin/goldmark v1.3.5/go.mod h1:mwnBkeHKe2W/ZEtQ+71ViKU8L12m81fl3OWwC1Zlc8k=
golang.org/x/crypto v0.0.0-20190308221718-c2843e01d9a2/go.mod h1:djNgcEr1/C05ACkg1iLfiJU5Ep61QUkGW8qpdssI0+w=
golang.org/x/crypto v0.0.0-20191011191535-87dc89f01550/go.mod h1:yigFU9vqHzYiE8UmvKecakEJjdnWj3jj499lnFckfCI=
golang.org/x/exp v0.0.0-20221126150942-6ab00d035af9 h1:yZNXmy+j/JpX19vZkVktWqAo7Gny4PBWYYK3zskGpx4=
golang.org/x/exp v0.0.0-20221126150942-6ab00d035af9/go.mod h1:CxIveKay+FTh1D0yPZemJVgC/95VzuuOLq5Qi4xnoYc=
golang.org/x/mod v0.4.2/go.mod h1:s0Qsj1ACt9ePp/hMypM3fl4fZqREWJwdYDEqhRiZZUA=
golang.org/x/net v0.0.0-20190404232315-eb5bcb51f2a3/go.mod h1:t9HGtf8HONx5eT2rtn7q6eTqICYqUVnKs3thJo3Qplg=
golang.org/x/net v0.0.0-20190620200207-3b0461eec859/go.mod h1:z5CRVTTTmAJ677TzLLGU+0bjPO0LkuOLi4/5GtJWs/s=
golang.org/x/net v0.0.0-20210405180319-a5a99cb37ef4/go.mod h1:p54w0d4576C0XHj96bSt6lcn1PtDYWL6XObtHCRCNQM=
golang.org/x/sync v0.0.0-20190423024810-112230192c58/go.mod h1:RxMgew5VJxzue5/jJTE5uejpjVlOe/izrB70Jof72aM=
golang.org/x/sync v0.0.0-20210220032951-036812b2e83c/go.mod h1:RxMgew5VJxzue5/jJTE5uejpjVlOe/izrB70Jof72aM=
golang.org/x/sys v0.0.0-20190215142949-d0b11bdaac8a/go.mod h1:STP8DvDyc/dI5b8T5hshtkjS+E42TnysNCUPdjciGhY=
golang.org/x/sys v0.0.0-20190412213103-97732733099d/go.mod h1:h1NjWce9XRLGQEsW7wpKNCjG9DtNlClVuFLEZdDNbEs=
golang.org/x/sys v0.0.0-20201119102817-f84b799fce68/go.mod h1:h1NjWce9XRLGQEsW7wpKNCjG9DtNlClVuFLEZdDNbEs=
golang.org/x/sys v0.0.0-20210330210617-4fbd30eecc44/go.mod h1:h1NjWce9XRLGQEsW7wpKNCjG9DtNlClVuFLEZdDNbEs=
golang.org/x/sys v0.0.0-20210510120138-977fb7262007/go.mod h1:oPkhp1MJrh7nUepCBck5+mAzfO9JrbApNNgaTdGDITg=
golang.org/x/term v0.0.0-20201126162022-7de9c90e9dd1/go.mod h1:bj7SfCRtBDWHUb9snDiAeCFNEtKQo2Wmx5Cou7ajbmo=
golang.org/x/text v0.3.0/go.mod h1:NqM8EUOU14njkJ3fqMW+pc6Ldnwhi/IjpwHt7yyuwOQ=
golang.org/x/text v0.3.3/go.mod h1:5Zoc/QRtKVWzQhOtBMvqHzDpF6irO9z98xDceosuGiQ=
golang.org/x/tools v0.0.0-20180917221912-90fa682c2a6e/go.mod h1:n7NCudcB/nEzxVGmLbDWY5pfWTLqBcC2KZ6jyYvM4mQ=
golang.org/x/tools v0.0.0-20191119224855-298f0cb1881e/go.mod h1:b+2E5dAYhXwXZwtnZ6UAqBI28+e2cm9otk0dWdXHAEo=
golang.org/x/tools v0.1.1/go.mod h1:o0xws9oXOQQZyjljx8fwUC0k7L1pTE6eaCbjGeHmOkk=
golang.org/x/xerrors v0.0.0-20190717185122-a985d3407aa7/go.mod h1:I/5z698sn9Ka8TeJc9MKroUUfqBBauWjQqLJ2OPfmY0=
golang.org/x/xerrors v0.0.0-20191011141410-1b5146add898/go.mod h1:I/5z698sn9Ka8TeJc9MKroUUfqBBauWjQqLJ2OPfmY0=
golang.org/x/xerrors v0.0.0-20200804184101-5ec99f83aff1/go.mod h1:I/5z698sn9Ka8TeJc9MKroUUfqBBauWjQqLJ2OPfmY0=
gopkg.in/check.v1 v0.0.0-20161208181325-20d25e280405/go.mod h1:Co6ibVJAznAaIkqp8huTwlJQCZ016jof/cbN4VW5Yz0=
gopkg.in/check.v1 v1.0.0-20190902080502-41f04d3bba15 h1:YR8cESwS4TdDjEe65xsg0ogRM/Nc3DYOhEAlW+xobZo=
gopkg.in/yaml.v2 v2.2.8/go.mod h1:hI93XBmqTisBFMUTm0b8Fm+jr3Dg1NNxqwp+5A1VGuI=
gopkg.in/yaml.v3 v3.0.0-20200313102051-9f266ea9e77c/go.mod h1:K4uyk7z7BCEPqu6E+C64Yfv1cQ7kz7rIZviUmN+EgEM=
gopkg.in/yaml.v3 v3.0.1 h1:fxVm/GzAzEWqLHuvctI91KS9hhNmmWOoWu0XTYJS7CA=
gopkg.in/yaml.v3 v3.0.1/go.mod h1:K4uyk7z7BCEPqu6E+C64Yfv1cQ7kz7rIZviUmN+EgEM=
